
Microsoft Visual Studio Solution File, Format Version 12.00
# Visual Studio Version 17
VisualStudioVersion = 17.4.33213.308
MinimumVisualStudioVersion = 10.0.40219.1
Project("{FAE04EC0-301F-11D3-BF4B-00C04F79EFBC}") = "D92A Automation Function V7", "D92A Automation Function V7\D92A Automation Function V7.csproj", "{0CC2CCD3-887B-410B-881A-A10A8B7856EA}"
EndProject
Project("{FAE04EC0-301F-11D3-BF4B-00C04F79EFBC}") = "LogWriter", "LogWriter\LogWriter.csproj", "{FCAAE10F-1B60-47E5-AF93-60750AF54164}"
EndProject
Global
	GlobalSection(SolutionConfigurationPlatforms) = preSolution
		Debug|Any CPU = Debug|Any CPU
		Release|Any CPU = Release|Any CPU
	EndGlobalSection
	GlobalSection(ProjectConfigurationPlatforms) = postSolution
		{0CC2CCD3-887B-410B-881A-A10A8B7856EA}.Debug|Any CPU.ActiveCfg = Debug|Any CPU
		{0CC2CCD3-887B-410B-881A-A10A8B7856EA}.Debug|Any CPU.Build.0 = Debug|Any CPU
		{0CC2CCD3-887B-410B-881A-A10A8B7856EA}.Release|Any CPU.ActiveCfg = Release|Any CPU
		{0CC2CCD3-887B-410B-881A-A10A8B7856EA}.Release|Any CPU.Build.0 = Release|Any CPU
		{FCAAE10F-1B60-47E5-AF93-60750AF54164}.Debug|Any CPU.ActiveCfg = Debug|Any CPU
		{FCAAE10F-1B60-47E5-AF93-60750AF54164}.Debug|Any CPU.Build.0 = Debug|Any CPU
		{FCAAE10F-1B60-47E5-AF93-60750AF54164}.Release|Any CPU.ActiveCfg = Release|Any CPU
		{FCAAE10F-1B60-47E5-AF93-60750AF54164}.Release|Any CPU.Build.0 = Release|Any CPU
	EndGlobalSection
	GlobalSection(SolutionProperties) = preSolution
		HideSolutionNode = FALSE
	EndGlobalSection
	GlobalSection(ExtensibilityGlobals) = postSolution
		SolutionGuid = {24F70281-1D3C-4AA6-BFD5-0E628EDE4028}
	EndGlobalSection
EndGlobal
